// !$*UTF8*$!
{
	archiveVersion = 1;
	classes = {
	};
	objectVersion = 63;
	objects = {

/* Begin PBXBuildFile section */
		0EB1FA1DC7F609393B6D05E1 /* WhisperKit in Frameworks */ = {isa = PBXBuildFile; productRef = F4F6A11242578F9BD448196B /* WhisperKit */; };
		167898BA180CE446D9C017D6 /* TranscriptionDebugView.swift in Sources */ = {isa = PBXBuildFile; fileRef = 859A25849F6FB706A24AD8C1 /* TranscriptionDebugView.swift */; };
		1A2334610A65929113928BC8 /* Localizable.strings in Resources */ = {isa = PBXBuildFile; fileRef = C95D5D84F4E928224ABCDCAB /* Localizable.strings */; };
		1D5B8EE9D05B24A444FC672F /* PlaybackView.swift in Sources */ = {isa = PBXBuildFile; fileRef = CCAF415A289D03120D67E00F /* PlaybackView.swift */; };
		270CC6EBFB4D47A049EB74BD /* CountdownView.swift in Sources */ = {isa = PBXBuildFile; fileRef = 4E2D8FA6FA79B8B3C4A1FD0C /* CountdownView.swift */; };
		2F244FE69E8B58DAFFEE2A96 /* ActivityView.swift in Sources */ = {isa = PBXBuildFile; fileRef = C708F2B339F986D3DD8233CD /* ActivityView.swift */; };
		2F76EF9C37FB183F01228D40 /* DateFormatter+Extensions.swift in Sources */ = {isa = PBXBuildFile; fileRef = 3EABB21CC51E6F6C199DDA76 /* DateFormatter+Extensions.swift */; };
		357E979687EEB35EE24EA651 /* SettingsView.swift in Sources */ = {isa = PBXBuildFile; fileRef = 4D2DEC80762BD3A6301A54E9 /* SettingsView.swift */; };
		40A824BCFA2D569D1C26398A /* UploadQueue.swift in Sources */ = {isa = PBXBuildFile; fileRef = E3A3D49BE268239F4FDD6E91 /* UploadQueue.swift */; };
		43F01BB9730EDCB84A2EDF61 /* Recording.swift in Sources */ = {isa = PBXBuildFile; fileRef = DC5DE46AF6C1BD647516F828 /* Recording.swift */; };
		49994FF562AB1BF0AC401C26 /* RecordingsListView.swift in Sources */ = {isa = PBXBuildFile; fileRef = 3B91117EF1C7A1D947B8D4B6 /* RecordingsListView.swift */; };
		56DA2F6D0D3866565ED0E358 /* RecordingsListViewModel.swift in Sources */ = {isa = PBXBuildFile; fileRef = 084927FF052C81A4DED3908D /* RecordingsListViewModel.swift */; };
		6240167FC1671B6E25FE008A /* RecordingStartMode.swift in Sources */ = {isa = PBXBuildFile; fileRef = 0DE4EC4F27CDE9FD6C9850B3 /* RecordingStartMode.swift */; };
		67811194A33B2CA2F96E01D9 /* RecordingRowView.swift in Sources */ = {isa = PBXBuildFile; fileRef = 296E2F4E71057CC06CCF3D80 /* RecordingRowView.swift */; };
		6CB550359DBE5B5CC54510FD /* RecordingView.swift in Sources */ = {isa = PBXBuildFile; fileRef = 78E001EF19DE89379C5FEBB1 /* RecordingView.swift */; };
		721109023ACF03DB28CE06F8 /* TimeInterval+Extensions.swift in Sources */ = {isa = PBXBuildFile; fileRef = 9DFA5019F57D1BD39A57F2C7 /* TimeInterval+Extensions.swift */; };
		7794600D00AD890BDA48DBF9 /* InstantRecordApp.swift in Sources */ = {isa = PBXBuildFile; fileRef = E53F7381FFBA02293162E7AA /* InstantRecordApp.swift */; };
		7BF5A9463C20C796FFD237E9 /* GoogleDriveService.swift in Sources */ = {isa = PBXBuildFile; fileRef = 8624E8406F6641F8C21273ED /* GoogleDriveService.swift */; };
		842A65D49587C8CE9A738E22 /* Localizable.strings in Resources */ = {isa = PBXBuildFile; fileRef = BB9D8E16DC77F7BCF0CCF16C /* Localizable.strings */; };
		88108C34BDF4EA7D1C4E2CBC /* WhisperKitTranscriptionService.swift in Sources */ = {isa = PBXBuildFile; fileRef = 5BFFC2FD0F2B14FE72FEC2D3 /* WhisperKitTranscriptionService.swift */; };
		89CB27433334E4716A13CA16 /* PlaybackManager.swift in Sources */ = {isa = PBXBuildFile; fileRef = 0146FAC45909519B082975EB /* PlaybackManager.swift */; };
		91528FBD3BE1C2246CAAB455 /* CloudSyncStatus.swift in Sources */ = {isa = PBXBuildFile; fileRef = 4A19052C51E04FD7EBE71381 /* CloudSyncStatus.swift */; };
		980B01077BBBF9CBC846D73F /* RecordingViewModel.swift in Sources */ = {isa = PBXBuildFile; fileRef = B9E5666614BE7A0F27C684F3 /* RecordingViewModel.swift */; };
		B397826A7BACEB22ADC50EE7 /* Pods_InstantRec.framework in Frameworks */ = {isa = PBXBuildFile; fileRef = 0C201465B1B9B4276627ED4A /* Pods_InstantRec.framework */; };
		B4043093D405EE6A1274E035 /* RecordingModeSelectionView.swift in Sources */ = {isa = PBXBuildFile; fileRef = 614F942BC6F3402EDA493E81 /* RecordingModeSelectionView.swift */; };
		C8DC144B631E9997C30A909E /* AudioService.swift in Sources */ = {isa = PBXBuildFile; fileRef = 254979AE1C5C66FE6464CE01 /* AudioService.swift */; };
		E6FBCC65843C72747BBA089B /* TranscriptionService.swift in Sources */ = {isa = PBXBuildFile; fileRef = FA7B7F653CF8F5875BA701BC /* TranscriptionService.swift */; };
		FA6C0D45D3DDF6B4544A4B25 /* GoogleSignInConfiguration.plist in Resources */ = {isa = PBXBuildFile; fileRef = E211716221757AAFBA60C126 /* GoogleSignInConfiguration.plist */; };
/* End PBXBuildFile section */

/* Begin PBXFileReference section */
		0146FAC45909519B082975EB /* PlaybackManager.swift */ = {isa = PBXFileReference; lastKnownFileType = sourcecode.swift; path = PlaybackManager.swift; sourceTree = "<group>"; };
		084927FF052C81A4DED3908D /* RecordingsListViewModel.swift */ = {isa = PBXFileReference; lastKnownFileType = sourcecode.swift; path = RecordingsListViewModel.swift; sourceTree = "<group>"; };
		0C201465B1B9B4276627ED4A /* Pods_InstantRec.framework */ = {isa = PBXFileReference; explicitFileType = wrapper.framework; includeInIndex = 0; path = Pods_InstantRec.framework; sourceTree = BUILT_PRODUCTS_DIR; };
		0DE4EC4F27CDE9FD6C9850B3 /* RecordingStartMode.swift */ = {isa = PBXFileReference; lastKnownFileType = sourcecode.swift; path = RecordingStartMode.swift; sourceTree = "<group>"; };
		0EAB1F2969AA84CCF034E52D /* Pods-InstantRec.debug.xcconfig */ = {isa = PBXFileReference; includeInIndex = 1; lastKnownFileType = text.xcconfig; name = "Pods-InstantRec.debug.xcconfig"; path = "Target Support Files/Pods-InstantRec/Pods-InstantRec.debug.xcconfig"; sourceTree = "<group>"; };
		1F013D508BB9C60E72C95F81 /* en */ = {isa = PBXFileReference; lastKnownFileType = text.plist.strings; name = en; path = en.lproj/Localizable.strings; sourceTree = "<group>"; };
		254979AE1C5C66FE6464CE01 /* AudioService.swift */ = {isa = PBXFileReference; lastKnownFileType = sourcecode.swift; path = AudioService.swift; sourceTree = "<group>"; };
		296E2F4E71057CC06CCF3D80 /* RecordingRowView.swift */ = {isa = PBXFileReference; lastKnownFileType = sourcecode.swift; path = RecordingRowView.swift; sourceTree = "<group>"; };
		3055BE96AF015F6072248B42 /* Pods-InstantRec.release.xcconfig */ = {isa = PBXFileReference; includeInIndex = 1; lastKnownFileType = text.xcconfig; name = "Pods-InstantRec.release.xcconfig"; path = "Target Support Files/Pods-InstantRec/Pods-InstantRec.release.xcconfig"; sourceTree = "<group>"; };
		3B91117EF1C7A1D947B8D4B6 /* RecordingsListView.swift */ = {isa = PBXFileReference; lastKnownFileType = sourcecode.swift; path = RecordingsListView.swift; sourceTree = "<group>"; };
		3EABB21CC51E6F6C199DDA76 /* DateFormatter+Extensions.swift */ = {isa = PBXFileReference; lastKnownFileType = sourcecode.swift; path = "DateFormatter+Extensions.swift"; sourceTree = "<group>"; };
		4A19052C51E04FD7EBE71381 /* CloudSyncStatus.swift */ = {isa = PBXFileReference; lastKnownFileType = sourcecode.swift; path = CloudSyncStatus.swift; sourceTree = "<group>"; };
		4D2DEC80762BD3A6301A54E9 /* SettingsView.swift */ = {isa = PBXFileReference; lastKnownFileType = sourcecode.swift; path = SettingsView.swift; sourceTree = "<group>"; };
		4E2D8FA6FA79B8B3C4A1FD0C /* CountdownView.swift */ = {isa = PBXFileReference; lastKnownFileType = sourcecode.swift; path = CountdownView.swift; sourceTree = "<group>"; };
		5BFFC2FD0F2B14FE72FEC2D3 /* WhisperKitTranscriptionService.swift */ = {isa = PBXFileReference; lastKnownFileType = sourcecode.swift; path = WhisperKitTranscriptionService.swift; sourceTree = "<group>"; };
		614F942BC6F3402EDA493E81 /* RecordingModeSelectionView.swift */ = {isa = PBXFileReference; lastKnownFileType = sourcecode.swift; path = RecordingModeSelectionView.swift; sourceTree = "<group>"; };
		78E001EF19DE89379C5FEBB1 /* RecordingView.swift */ = {isa = PBXFileReference; lastKnownFileType = sourcecode.swift; path = RecordingView.swift; sourceTree = "<group>"; };
		859A25849F6FB706A24AD8C1 /* TranscriptionDebugView.swift */ = {isa = PBXFileReference; lastKnownFileType = sourcecode.swift; path = TranscriptionDebugView.swift; sourceTree = "<group>"; };
		8624E8406F6641F8C21273ED /* GoogleDriveService.swift */ = {isa = PBXFileReference; lastKnownFileType = sourcecode.swift; path = GoogleDriveService.swift; sourceTree = "<group>"; };
		94D67409375080B9FFBC99F5 /* Info.plist */ = {isa = PBXFileReference; lastKnownFileType = text.plist; path = Info.plist; sourceTree = "<group>"; };
		9DFA5019F57D1BD39A57F2C7 /* TimeInterval+Extensions.swift */ = {isa = PBXFileReference; lastKnownFileType = sourcecode.swift; path = "TimeInterval+Extensions.swift"; sourceTree = "<group>"; };
		B9E5666614BE7A0F27C684F3 /* RecordingViewModel.swift */ = {isa = PBXFileReference; lastKnownFileType = sourcecode.swift; path = RecordingViewModel.swift; sourceTree = "<group>"; };
		BB9D8E16DC77F7BCF0CCF16C /* Localizable.strings */ = {isa = PBXFileReference; lastKnownFileType = text.plist.strings; path = Localizable.strings; sourceTree = "<group>"; };
		C708F2B339F986D3DD8233CD /* ActivityView.swift */ = {isa = PBXFileReference; lastKnownFileType = sourcecode.swift; path = ActivityView.swift; sourceTree = "<group>"; };
		CCAF415A289D03120D67E00F /* PlaybackView.swift */ = {isa = PBXFileReference; lastKnownFileType = sourcecode.swift; path = PlaybackView.swift; sourceTree = "<group>"; };
		D22BE5D0A61E8839C5E26F0A /* InstantRec.app */ = {isa = PBXFileReference; explicitFileType = wrapper.application; includeInIndex = 0; path = InstantRec.app; sourceTree = BUILT_PRODUCTS_DIR; };
		DC5DE46AF6C1BD647516F828 /* Recording.swift */ = {isa = PBXFileReference; lastKnownFileType = sourcecode.swift; path = Recording.swift; sourceTree = "<group>"; };
		E211716221757AAFBA60C126 /* GoogleSignInConfiguration.plist */ = {isa = PBXFileReference; lastKnownFileType = text.plist; path = GoogleSignInConfiguration.plist; sourceTree = "<group>"; };
		E3A3D49BE268239F4FDD6E91 /* UploadQueue.swift */ = {isa = PBXFileReference; lastKnownFileType = sourcecode.swift; path = UploadQueue.swift; sourceTree = "<group>"; };
		E53F7381FFBA02293162E7AA /* InstantRecordApp.swift */ = {isa = PBXFileReference; lastKnownFileType = sourcecode.swift; path = InstantRecordApp.swift; sourceTree = "<group>"; };
		FA7B7F653CF8F5875BA701BC /* TranscriptionService.swift */ = {isa = PBXFileReference; lastKnownFileType = sourcecode.swift; path = TranscriptionService.swift; sourceTree = "<group>"; };
/* End PBXFileReference section */

/* Begin PBXFrameworksBuildPhase section */
		7D491F7CF27C80DA7976EE80 /* Frameworks */ = {
			isa = PBXFrameworksBuildPhase;
			buildActionMask = 2147483647;
			files = (
				0EB1FA1DC7F609393B6D05E1 /* WhisperKit in Frameworks */,
				B397826A7BACEB22ADC50EE7 /* Pods_InstantRec.framework in Frameworks */,
			);
			runOnlyForDeploymentPostprocessing = 0;
		};
/* End PBXFrameworksBuildPhase section */

/* Begin PBXGroup section */
		012AB28AFF5630E272795DB6 /* Services */ = {
			isa = PBXGroup;
			children = (
				254979AE1C5C66FE6464CE01 /* AudioService.swift */,
				8624E8406F6641F8C21273ED /* GoogleDriveService.swift */,
				0146FAC45909519B082975EB /* PlaybackManager.swift */,
				FA7B7F653CF8F5875BA701BC /* TranscriptionService.swift */,
				E3A3D49BE268239F4FDD6E91 /* UploadQueue.swift */,
				5BFFC2FD0F2B14FE72FEC2D3 /* WhisperKitTranscriptionService.swift */,
			);
			path = Services;
			sourceTree = "<group>";
		};
		01A2C05CF11CF659287D8B1E = {
			isa = PBXGroup;
			children = (
				BEAEFC6B1CCBAC34555C26D2 /* Sources */,
				8FC98CD04654CC4F954EB572 /* Products */,
				0FB0152256F8862524D7A799 /* Pods */,
				6D32F02ABD99679E0085BD46 /* Frameworks */,
			);
			sourceTree = "<group>";
		};
		0FB0152256F8862524D7A799 /* Pods */ = {
			isa = PBXGroup;
			children = (
				0EAB1F2969AA84CCF034E52D /* Pods-InstantRec.debug.xcconfig */,
				3055BE96AF015F6072248B42 /* Pods-InstantRec.release.xcconfig */,
			);
			path = Pods;
			sourceTree = "<group>";
		};
		3447CBA9D9743933812D9836 /* App */ = {
			isa = PBXGroup;
			children = (
				E53F7381FFBA02293162E7AA /* InstantRecordApp.swift */,
			);
			path = App;
			sourceTree = "<group>";
		};
		3B26382A77F01FD7ECB74605 /* Resources */ = {
			isa = PBXGroup;
			children = (
				E211716221757AAFBA60C126 /* GoogleSignInConfiguration.plist */,
				BB9D8E16DC77F7BCF0CCF16C /* Localizable.strings */,
				C95D5D84F4E928224ABCDCAB /* Localizable.strings */,
			);
			path = Resources;
			sourceTree = "<group>";
		};
		526C59D0ADCD9FB4C5A56EAD /* Models */ = {
			isa = PBXGroup;
			children = (
				4A19052C51E04FD7EBE71381 /* CloudSyncStatus.swift */,
				DC5DE46AF6C1BD647516F828 /* Recording.swift */,
				0DE4EC4F27CDE9FD6C9850B3 /* RecordingStartMode.swift */,
			);
			path = Models;
			sourceTree = "<group>";
		};
		6D32F02ABD99679E0085BD46 /* Frameworks */ = {
			isa = PBXGroup;
			children = (
				0C201465B1B9B4276627ED4A /* Pods_InstantRec.framework */,
			);
			name = Frameworks;
			sourceTree = "<group>";
		};
		8FC98CD04654CC4F954EB572 /* Products */ = {
			isa = PBXGroup;
			children = (
				D22BE5D0A61E8839C5E26F0A /* InstantRec.app */,
			);
			name = Products;
			sourceTree = "<group>";
		};
		9BC65B14DD3E792BB73661C0 /* Sources */ = {
			isa = PBXGroup;
			children = (
				94D67409375080B9FFBC99F5 /* Info.plist */,
				3447CBA9D9743933812D9836 /* App */,
				526C59D0ADCD9FB4C5A56EAD /* Models */,
				3B26382A77F01FD7ECB74605 /* Resources */,
				012AB28AFF5630E272795DB6 /* Services */,
				F42DB736AF1322D7FB26F857 /* Utils */,
				ED34280D594F8A00455598AA /* ViewModels */,
				F9BD996D1401B08C129AED74 /* Views */,
			);
			name = Sources;
			path = instantrec;
			sourceTree = "<group>";
		};
		BEAEFC6B1CCBAC34555C26D2 /* Sources */ = {
			isa = PBXGroup;
			children = (
				9BC65B14DD3E792BB73661C0 /* Sources */,
			);
			path = Sources;
			sourceTree = "<group>";
		};
		ED34280D594F8A00455598AA /* ViewModels */ = {
			isa = PBXGroup;
			children = (
				084927FF052C81A4DED3908D /* RecordingsListViewModel.swift */,
				B9E5666614BE7A0F27C684F3 /* RecordingViewModel.swift */,
			);
			path = ViewModels;
			sourceTree = "<group>";
		};
		F42DB736AF1322D7FB26F857 /* Utils */ = {
			isa = PBXGroup;
			children = (
				3EABB21CC51E6F6C199DDA76 /* DateFormatter+Extensions.swift */,
				9DFA5019F57D1BD39A57F2C7 /* TimeInterval+Extensions.swift */,
			);
			path = Utils;
			sourceTree = "<group>";
		};
		F9BD996D1401B08C129AED74 /* Views */ = {
			isa = PBXGroup;
			children = (
				C708F2B339F986D3DD8233CD /* ActivityView.swift */,
				4E2D8FA6FA79B8B3C4A1FD0C /* CountdownView.swift */,
				CCAF415A289D03120D67E00F /* PlaybackView.swift */,
				614F942BC6F3402EDA493E81 /* RecordingModeSelectionView.swift */,
				296E2F4E71057CC06CCF3D80 /* RecordingRowView.swift */,
				3B91117EF1C7A1D947B8D4B6 /* RecordingsListView.swift */,
				78E001EF19DE89379C5FEBB1 /* RecordingView.swift */,
				4D2DEC80762BD3A6301A54E9 /* SettingsView.swift */,
				859A25849F6FB706A24AD8C1 /* TranscriptionDebugView.swift */,
			);
			path = Views;
			sourceTree = "<group>";
		};
/* End PBXGroup section */

/* Begin PBXNativeTarget section */
		92D71A97209972871F9017E5 /* InstantRec */ = {
			isa = PBXNativeTarget;
			buildConfigurationList = BC2E7186A3AF22779950AA69 /* Build configuration list for PBXNativeTarget "InstantRec" */;
			buildPhases = (
				0D68B0B0DDE65321A30B4491 /* [CP] Check Pods Manifest.lock */,
				D813C7C2829FC4FEEBC1702A /* Sources */,
				91F71D312ECC98686D34B529 /* Resources */,
				7D491F7CF27C80DA7976EE80 /* Frameworks */,
				A25CC56455199BC4D413606C /* [CP] Embed Pods Frameworks */,
			);
			buildRules = (
			);
			dependencies = (
			);
			name = InstantRec;
			packageProductDependencies = (
				F4F6A11242578F9BD448196B /* WhisperKit */,
			);
			productName = InstantRec;
			productReference = D22BE5D0A61E8839C5E26F0A /* InstantRec.app */;
			productType = "com.apple.product-type.application";
		};
/* End PBXNativeTarget section */

/* Begin PBXProject section */
		569C72294494ADDDC8B2A4C5 /* Project object */ = {
			isa = PBXProject;
			attributes = {
				BuildIndependentTargetsInParallel = YES;
				LastUpgradeCheck = 1430;
				TargetAttributes = {
					92D71A97209972871F9017E5 = {
						ProvisioningStyle = Automatic;
					};
				};
			};
			buildConfigurationList = 2C35C843E1F56C6368E53B75 /* Build configuration list for PBXProject "InstantRec" */;
			compatibilityVersion = "Xcode 14.0";
			developmentRegion = en;
			hasScannedForEncodings = 0;
			knownRegions = (
				Base,
				en,
			);
			mainGroup = 01A2C05CF11CF659287D8B1E;
			minimizedProjectReferenceProxies = 1;
			packageReferences = (
				D1A9E81C8D49A152B0A4CFE5 /* XCRemoteSwiftPackageReference "whisperkit" */,
			);
			productRefGroup = 8FC98CD04654CC4F954EB572 /* Products */;
			projectDirPath = "";
			projectRoot = "";
			targets = (
				92D71A97209972871F9017E5 /* InstantRec */,
			);
		};
/* End PBXProject section */

/* Begin PBXResourcesBuildPhase section */
		91F71D312ECC98686D34B529 /* Resources */ = {
			isa = PBXResourcesBuildPhase;
			buildActionMask = 2147483647;
			files = (
				FA6C0D45D3DDF6B4544A4B25 /* GoogleSignInConfiguration.plist in Resources */,
				842A65D49587C8CE9A738E22 /* Localizable.strings in Resources */,
				1A2334610A65929113928BC8 /* Localizable.strings in Resources */,
			);
			runOnlyForDeploymentPostprocessing = 0;
		};
/* End PBXResourcesBuildPhase section */

/* Begin PBXShellScriptBuildPhase section */
		0D68B0B0DDE65321A30B4491 /* [CP] Check Pods Manifest.lock */ = {
			isa = PBXShellScriptBuildPhase;
			buildActionMask = 2147483647;
			files = (
			);
			inputFileListPaths = (
			);
			inputPaths = (
				"${PODS_PODFILE_DIR_PATH}/Podfile.lock",
				"${PODS_ROOT}/Manifest.lock",
			);
			name = "[CP] Check Pods Manifest.lock";
			outputFileListPaths = (
			);
			outputPaths = (
				"$(DERIVED_FILE_DIR)/Pods-InstantRec-checkManifestLockResult.txt",
			);
			runOnlyForDeploymentPostprocessing = 0;
			shellPath = /bin/sh;
			shellScript = "diff \"${PODS_PODFILE_DIR_PATH}/Podfile.lock\" \"${PODS_ROOT}/Manifest.lock\" > /dev/null\nif [ $? != 0 ] ; then\n    # print error to STDERR\n    echo \"error: The sandbox is not in sync with the Podfile.lock. Run 'pod install' or update your CocoaPods installation.\" >&2\n    exit 1\nfi\n# This output is used by Xcode 'outputs' to avoid re-running this script phase.\necho \"SUCCESS\" > \"${SCRIPT_OUTPUT_FILE_0}\"\n";
			showEnvVarsInLog = 0;
		};
		A25CC56455199BC4D413606C /* [CP] Embed Pods Frameworks */ = {
			isa = PBXShellScriptBuildPhase;
			buildActionMask = 2147483647;
			files = (
			);
			inputFileListPaths = (
				"${PODS_ROOT}/Target Support Files/Pods-InstantRec/Pods-InstantRec-frameworks-${CONFIGURATION}-input-files.xcfilelist",
			);
			inputPaths = (
			);
			name = "[CP] Embed Pods Frameworks";
			outputFileListPaths = (
				"${PODS_ROOT}/Target Support Files/Pods-InstantRec/Pods-InstantRec-frameworks-${CONFIGURATION}-output-files.xcfilelist",
			);
			outputPaths = (
			);
			runOnlyForDeploymentPostprocessing = 0;
			shellPath = /bin/sh;
			shellScript = "\"${PODS_ROOT}/Target Support Files/Pods-InstantRec/Pods-InstantRec-frameworks.sh\"\n";
			showEnvVarsInLog = 0;
		};
/* End PBXShellScriptBuildPhase section */

/* Begin PBXSourcesBuildPhase section */
		D813C7C2829FC4FEEBC1702A /* Sources */ = {
			isa = PBXSourcesBuildPhase;
			buildActionMask = 2147483647;
			files = (
				2F244FE69E8B58DAFFEE2A96 /* ActivityView.swift in Sources */,
				C8DC144B631E9997C30A909E /* AudioService.swift in Sources */,
				91528FBD3BE1C2246CAAB455 /* CloudSyncStatus.swift in Sources */,
				270CC6EBFB4D47A049EB74BD /* CountdownView.swift in Sources */,
				2F76EF9C37FB183F01228D40 /* DateFormatter+Extensions.swift in Sources */,
				7BF5A9463C20C796FFD237E9 /* GoogleDriveService.swift in Sources */,
				7794600D00AD890BDA48DBF9 /* InstantRecordApp.swift in Sources */,
				89CB27433334E4716A13CA16 /* PlaybackManager.swift in Sources */,
				1D5B8EE9D05B24A444FC672F /* PlaybackView.swift in Sources */,
				43F01BB9730EDCB84A2EDF61 /* Recording.swift in Sources */,
				B4043093D405EE6A1274E035 /* RecordingModeSelectionView.swift in Sources */,
				67811194A33B2CA2F96E01D9 /* RecordingRowView.swift in Sources */,
				6240167FC1671B6E25FE008A /* RecordingStartMode.swift in Sources */,
				6CB550359DBE5B5CC54510FD /* RecordingView.swift in Sources */,
				980B01077BBBF9CBC846D73F /* RecordingViewModel.swift in Sources */,
				49994FF562AB1BF0AC401C26 /* RecordingsListView.swift in Sources */,
				56DA2F6D0D3866565ED0E358 /* RecordingsListViewModel.swift in Sources */,
				357E979687EEB35EE24EA651 /* SettingsView.swift in Sources */,
				721109023ACF03DB28CE06F8 /* TimeInterval+Extensions.swift in Sources */,
				167898BA180CE446D9C017D6 /* TranscriptionDebugView.swift in Sources */,
				E6FBCC65843C72747BBA089B /* TranscriptionService.swift in Sources */,
				40A824BCFA2D569D1C26398A /* UploadQueue.swift in Sources */,
				88108C34BDF4EA7D1C4E2CBC /* WhisperKitTranscriptionService.swift in Sources */,
			);
			runOnlyForDeploymentPostprocessing = 0;
		};
/* End PBXSourcesBuildPhase section */

/* Begin PBXVariantGroup section */
		C95D5D84F4E928224ABCDCAB /* Localizable.strings */ = {
			isa = PBXVariantGroup;
			children = (
				1F013D508BB9C60E72C95F81 /* en */,
			);
			name = Localizable.strings;
			sourceTree = "<group>";
		};
/* End PBXVariantGroup section */

/* Begin XCBuildConfiguration section */
		1CBD7A9CC4448A766470A09E /* Debug */ = {
			isa = XCBuildConfiguration;
			baseConfigurationReference = 0EAB1F2969AA84CCF034E52D /* Pods-InstantRec.debug.xcconfig */;
			buildSettings = {
				ASSETCATALOG_COMPILER_APPICON_NAME = AppIcon;
				CODE_SIGN_IDENTITY = "iPhone Developer";
				"CODE_SIGN_IDENTITY[sdk=iphoneos*]" = "iPhone Developer";
				"CODE_SIGN_IDENTITY[sdk=iphonesimulator*]" = "";
				CODE_SIGN_STYLE = Automatic;
				DEVELOPMENT_TEAM = F8ZP855SM2;
				INFOPLIST_FILE = Sources/instantrec/Info.plist;
				INFOPLIST_KEY_NSMicrophoneUsageDescription = "このアプリは音声録音のためにマイクロフォンアクセスが必要です。";
				INFOPLIST_KEY_UIApplicationSceneManifest_Generation = YES;
				INFOPLIST_KEY_UIApplicationSupportsIndirectInputEvents = YES;
				INFOPLIST_KEY_UILaunchScreen_Generation = YES;
				INFOPLIST_KEY_UISupportedInterfaceOrientations = UIInterfaceOrientationPortrait;
				INFOPLIST_KEY_UISupportedInterfaceOrientations_iPad = "UIInterfaceOrientationPortrait UIInterfaceOrientationPortraitUpsideDown UIInterfaceOrientationLandscapeLeft UIInterfaceOrientationLandscapeRight";
				INFOPLIST_KEY_UISupportedInterfaceOrientations_iPhone = "UIInterfaceOrientationPortrait UIInterfaceOrientationLandscapeLeft UIInterfaceOrientationLandscapeRight";
				LD_RUNPATH_SEARCH_PATHS = (
					"$(inherited)",
					"@executable_path/Frameworks",
				);
				PRODUCT_BUNDLE_IDENTIFIER = com.instantrec.app;
				PROVISIONING_PROFILE_SPECIFIER = "";
				SDKROOT = iphoneos;
				TARGETED_DEVICE_FAMILY = "1,2";
			};
			name = Debug;
		};
		4114713338F71D4F98A9F04C /* Release */ = {
			isa = XCBuildConfiguration;
			baseConfigurationReference = 3055BE96AF015F6072248B42 /* Pods-InstantRec.release.xcconfig */;
			buildSettings = {
				ASSETCATALOG_COMPILER_APPICON_NAME = AppIcon;
				CODE_SIGN_IDENTITY = "iPhone Developer";
				"CODE_SIGN_IDENTITY[sdk=iphoneos*]" = "iPhone Developer";
				"CODE_SIGN_IDENTITY[sdk=iphonesimulator*]" = "";
				CODE_SIGN_STYLE = Automatic;
				DEVELOPMENT_TEAM = F8ZP855SM2;
				INFOPLIST_FILE = Sources/instantrec/Info.plist;
				INFOPLIST_KEY_NSMicrophoneUsageDescription = "このアプリは音声録音のためにマイクロフォンアクセスが必要です。";
				INFOPLIST_KEY_UIApplicationSceneManifest_Generation = YES;
				INFOPLIST_KEY_UIApplicationSupportsIndirectInputEvents = YES;
				INFOPLIST_KEY_UILaunchScreen_Generation = YES;
				INFOPLIST_KEY_UISupportedInterfaceOrientations = UIInterfaceOrientationPortrait;
				INFOPLIST_KEY_UISupportedInterfaceOrientations_iPad = "UIInterfaceOrientationPortrait UIInterfaceOrientationPortraitUpsideDown UIInterfaceOrientationLandscapeLeft UIInterfaceOrientationLandscapeRight";
				INFOPLIST_KEY_UISupportedInterfaceOrientations_iPhone = "UIInterfaceOrientationPortrait UIInterfaceOrientationLandscapeLeft UIInterfaceOrientationLandscapeRight";
				LD_RUNPATH_SEARCH_PATHS = (
					"$(inherited)",
					"@executable_path/Frameworks",
				);
				PRODUCT_BUNDLE_IDENTIFIER = com.instantrec.app;
				PROVISIONING_PROFILE_SPECIFIER = "";
				SDKROOT = iphoneos;
				TARGETED_DEVICE_FAMILY = "1,2";
			};
			name = Release;
		};
		6BAFAA16B94417F02FE5EC04 /* Debug */ = {
			isa = XCBuildConfiguration;
			buildSettings = {
				ALWAYS_SEARCH_USER_PATHS = NO;
				CLANG_ANALYZER_NONNULL = YES;
				CLANG_ANALYZER_NUMBER_OBJECT_CONVERSION = YES_AGGRESSIVE;
				CLANG_CXX_LANGUAGE_STANDARD = "gnu++14";
				CLANG_CXX_LIBRARY = "libc++";
				CLANG_ENABLE_MODULES = YES;
				CLANG_ENABLE_OBJC_ARC = YES;
				CLANG_ENABLE_OBJC_WEAK = YES;
				CLANG_WARN_BLOCK_CAPTURE_AUTORELEASING = YES;
				CLANG_WARN_BOOL_CONVERSION = YES;
				CLANG_WARN_COMMA = YES;
				CLANG_WARN_CONSTANT_CONVERSION = YES;
				CLANG_WARN_DEPRECATED_OBJC_IMPLEMENTATIONS = YES;
				CLANG_WARN_DIRECT_OBJC_ISA_USAGE = YES_ERROR;
				CLANG_WARN_DOCUMENTATION_COMMENTS = YES;
				CLANG_WARN_EMPTY_BODY = YES;
				CLANG_WARN_ENUM_CONVERSION = YES;
				CLANG_WARN_INFINITE_RECURSION = YES;
				CLANG_WARN_INT_CONVERSION = YES;
				CLANG_WARN_NON_LITERAL_NULL_CONVERSION = YES;
				CLANG_WARN_OBJC_IMPLICIT_RETAIN_SELF = YES;
				CLANG_WARN_OBJC_LITERAL_CONVERSION = YES;
				CLANG_WARN_OBJC_ROOT_CLASS = YES_ERROR;
				CLANG_WARN_QUOTED_INCLUDE_IN_FRAMEWORK_HEADER = YES;
				CLANG_WARN_RANGE_LOOP_ANALYSIS = YES;
				CLANG_WARN_STRICT_PROTOTYPES = YES;
				CLANG_WARN_SUSPICIOUS_MOVE = YES;
				CLANG_WARN_UNGUARDED_AVAILABILITY = YES_AGGRESSIVE;
				CLANG_WARN_UNREACHABLE_CODE = YES;
				CLANG_WARN__DUPLICATE_METHOD_MATCH = YES;
				COPY_PHASE_STRIP = NO;
				DEBUG_INFORMATION_FORMAT = dwarf;
				ENABLE_STRICT_OBJC_MSGSEND = YES;
				ENABLE_TESTABILITY = YES;
				GCC_C_LANGUAGE_STANDARD = gnu11;
				GCC_DYNAMIC_NO_PIC = NO;
				GCC_NO_COMMON_BLOCKS = YES;
				GCC_OPTIMIZATION_LEVEL = 0;
				GCC_PREPROCESSOR_DEFINITIONS = (
					"$(inherited)",
					"DEBUG=1",
				);
				GCC_WARN_64_TO_32_BIT_CONVERSION = YES;
				GCC_WARN_ABOUT_RETURN_TYPE = YES_ERROR;
				GCC_WARN_UNDECLARED_SELECTOR = YES;
				GCC_WARN_UNINITIALIZED_AUTOS = YES_AGGRESSIVE;
				GCC_WARN_UNUSED_FUNCTION = YES;
				GCC_WARN_UNUSED_VARIABLE = YES;
				IPHONEOS_DEPLOYMENT_TARGET = 17.0;
				MTL_ENABLE_DEBUG_INFO = INCLUDE_SOURCE;
				MTL_FAST_MATH = YES;
				ONLY_ACTIVE_ARCH = YES;
				PRODUCT_NAME = InstantRec;
				SDKROOT = iphoneos;
				SWIFT_ACTIVE_COMPILATION_CONDITIONS = DEBUG;
				SWIFT_OPTIMIZATION_LEVEL = "-Onone";
				SWIFT_VERSION = 5.0;
			};
			name = Debug;
		};
		8E868A284F2F36E8B56E6772 /* Release */ = {
			isa = XCBuildConfiguration;
			buildSettings = {
				ALWAYS_SEARCH_USER_PATHS = NO;
				CLANG_ANALYZER_NONNULL = YES;
				CLANG_ANALYZER_NUMBER_OBJECT_CONVERSION = YES_AGGRESSIVE;
				CLANG_CXX_LANGUAGE_STANDARD = "gnu++14";
				CLANG_CXX_LIBRARY = "libc++";
				CLANG_ENABLE_MODULES = YES;
				CLANG_ENABLE_OBJC_ARC = YES;
				CLANG_ENABLE_OBJC_WEAK = YES;
				CLANG_WARN_BLOCK_CAPTURE_AUTORELEASING = YES;
				CLANG_WARN_BOOL_CONVERSION = YES;
				CLANG_WARN_COMMA = YES;
				CLANG_WARN_CONSTANT_CONVERSION = YES;
				CLANG_WARN_DEPRECATED_OBJC_IMPLEMENTATIONS = YES;
				CLANG_WARN_DIRECT_OBJC_ISA_USAGE = YES_ERROR;
				CLANG_WARN_DOCUMENTATION_COMMENTS = YES;
				CLANG_WARN_EMPTY_BODY = YES;
				CLANG_WARN_ENUM_CONVERSION = YES;
				CLANG_WARN_INFINITE_RECURSION = YES;
				CLANG_WARN_INT_CONVERSION = YES;
				CLANG_WARN_NON_LITERAL_NULL_CONVERSION = YES;
				CLANG_WARN_OBJC_IMPLICIT_RETAIN_SELF = YES;
				CLANG_WARN_OBJC_LITERAL_CONVERSION = YES;
				CLANG_WARN_OBJC_ROOT_CLASS = YES_ERROR;
				CLANG_WARN_QUOTED_INCLUDE_IN_FRAMEWORK_HEADER = YES;
				CLANG_WARN_RANGE_LOOP_ANALYSIS = YES;
				CLANG_WARN_STRICT_PROTOTYPES = YES;
				CLANG_WARN_SUSPICIOUS_MOVE = YES;
				CLANG_WARN_UNGUARDED_AVAILABILITY = YES_AGGRESSIVE;
				CLANG_WARN_UNREACHABLE_CODE = YES;
				CLANG_WARN__DUPLICATE_METHOD_MATCH = YES;
				COPY_PHASE_STRIP = NO;
				DEBUG_INFORMATION_FORMAT = "dwarf-with-dsym";
				ENABLE_NS_ASSERTIONS = NO;
				ENABLE_STRICT_OBJC_MSGSEND = YES;
				GCC_C_LANGUAGE_STANDARD = gnu11;
				GCC_NO_COMMON_BLOCKS = YES;
				GCC_WARN_64_TO_32_BIT_CONVERSION = YES;
				GCC_WARN_ABOUT_RETURN_TYPE = YES_ERROR;
				GCC_WARN_UNDECLARED_SELECTOR = YES;
				GCC_WARN_UNINITIALIZED_AUTOS = YES_AGGRESSIVE;
				GCC_WARN_UNUSED_FUNCTION = YES;
				GCC_WARN_UNUSED_VARIABLE = YES;
				IPHONEOS_DEPLOYMENT_TARGET = 17.0;
				MTL_ENABLE_DEBUG_INFO = NO;
				MTL_FAST_MATH = YES;
				PRODUCT_NAME = InstantRec;
				SDKROOT = iphoneos;
				SWIFT_COMPILATION_MODE = wholemodule;
				SWIFT_OPTIMIZATION_LEVEL = "-O";
				SWIFT_VERSION = 5.0;
			};
			name = Release;
		};
/* End XCBuildConfiguration section */

/* Begin XCConfigurationList section */
		2C35C843E1F56C6368E53B75 /* Build configuration list for PBXProject "InstantRec" */ = {
			isa = XCConfigurationList;
			buildConfigurations = (
				6BAFAA16B94417F02FE5EC04 /* Debug */,
				8E868A284F2F36E8B56E6772 /* Release */,
			);
			defaultConfigurationIsVisible = 0;
			defaultConfigurationName = Debug;
		};
		BC2E7186A3AF22779950AA69 /* Build configuration list for PBXNativeTarget "InstantRec" */ = {
			isa = XCConfigurationList;
			buildConfigurations = (
				1CBD7A9CC4448A766470A09E /* Debug */,
				4114713338F71D4F98A9F04C /* Release */,
			);
			defaultConfigurationIsVisible = 0;
			defaultConfigurationName = Debug;
		};
/* End XCConfigurationList section */

/* Begin XCRemoteSwiftPackageReference section */
		D1A9E81C8D49A152B0A4CFE5 /* XCRemoteSwiftPackageReference "whisperkit" */ = {
			isa = XCRemoteSwiftPackageReference;
			repositoryURL = "https://github.com/argmaxinc/whisperkit";
			requirement = {
				kind = upToNextMajorVersion;
				minimumVersion = 0.8.0;
			};
		};
/* End XCRemoteSwiftPackageReference section */

/* Begin XCSwiftPackageProductDependency section */
		F4F6A11242578F9BD448196B /* WhisperKit */ = {
			isa = XCSwiftPackageProductDependency;
			package = D1A9E81C8D49A152B0A4CFE5 /* XCRemoteSwiftPackageReference "whisperkit" */;
			productName = WhisperKit;
		};
/* End XCSwiftPackageProductDependency section */
	};
	rootObject = 569C72294494ADDDC8B2A4C5 /* Project object */;
}
